# THIS IS AN AUTOGENERATED FILE. DO NOT EDIT THIS FILE DIRECTLY.
# yarn lockfile v1


"@prelog/framework@^0.0.47":
  version "0.0.47"
  resolved "https://registry.yarnpkg.com/@prelog/framework/-/framework-0.0.47.tgz#d33b2cf756105ee09886e413ffa9cacd32526736"
  integrity sha512-K/NYM+iNqxiXzqULv6n0M4AYlmKY572lqoBxlTK1AG6YrXfGo3pHOYYNc6qcWrJ206EATB4H0umM1NzVWFfX8Q==
  dependencies:
    "@swc/core" "1.3.38"
    uWebSockets.js uNetworking/uWebSockets.js#v20.19.0

"@swc/core-darwin-arm64@1.3.38":
  version "1.3.38"
  resolved "https://registry.yarnpkg.com/@swc/core-darwin-arm64/-/core-darwin-arm64-1.3.38.tgz#1ce367373f39e7d67f8c03f8224b2085bf38d083"
  integrity sha512-4ZTJJ/cR0EsXW5UxFCifZoGfzQ07a8s4ayt1nLvLQ5QoB1GTAf9zsACpvWG8e7cmCR0L76R5xt8uJuyr+noIXA==

"@swc/core-darwin-x64@1.3.38":
  version "1.3.38"
  resolved "https://registry.yarnpkg.com/@swc/core-darwin-x64/-/core-darwin-x64-1.3.38.tgz#6312528e5aa846b1e518aedc81d718b0f956a7c4"
  integrity sha512-Kim727rNo4Dl8kk0CR8aJQe4zFFtsT1TZGlNrNMUgN1WC3CRX7dLZ6ZJi/VVcTG1cbHp5Fp3mUzwHsMxEh87Mg==

"@swc/core-linux-arm-gnueabihf@1.3.38":
  version "1.3.38"
  resolved "https://registry.yarnpkg.com/@swc/core-linux-arm-gnueabihf/-/core-linux-arm-gnueabihf-1.3.38.tgz#211b6994c5e04c8bc509091403bd9137ebee5d89"
  integrity sha512-yaRdnPNU2enlJDRcIMvYVSyodY+Amhf5QuXdUbAj6rkDD6wUs/s9C6yPYrFDmoTltrG+nBv72mUZj+R46wVfSw==

"@swc/core-linux-arm64-gnu@1.3.38":
  version "1.3.38"
  resolved "https://registry.yarnpkg.com/@swc/core-linux-arm64-gnu/-/core-linux-arm64-gnu-1.3.38.tgz#88d12e7e0469b91b8847403c415f9f7afb8d94a6"
  integrity sha512-iNY1HqKo/wBSu3QOGBUlZaLdBP/EHcwNjBAqIzpb8J64q2jEN02RizqVW0mDxyXktJ3lxr3g7VW9uqklMeXbjQ==

"@swc/core-linux-arm64-musl@1.3.38":
  version "1.3.38"
  resolved "https://registry.yarnpkg.com/@swc/core-linux-arm64-musl/-/core-linux-arm64-musl-1.3.38.tgz#e0ead57c88ece8d339c1626730d0e5985df4e8fb"
  integrity sha512-LJCFgLZoPRkPCPmux+Q5ctgXRp6AsWhvWuY61bh5bIPBDlaG9pZk94DeHyvtiwT0syhTtXb2LieBOx6NqN3zeA==

"@swc/core-linux-x64-gnu@1.3.38":
  version "1.3.38"
  resolved "https://registry.yarnpkg.com/@swc/core-linux-x64-gnu/-/core-linux-x64-gnu-1.3.38.tgz#21fc6636eeab058d4f707f4d88e29970802737b8"
  integrity sha512-hRQGRIWHmv2PvKQM/mMV45mVXckM2+xLB8TYLLgUG66mmtyGTUJPyxjnJkbI86WNGqo18k+lAuMG2mn6QmzYwQ==

"@swc/core-linux-x64-musl@1.3.38":
  version "1.3.38"
  resolved "https://registry.yarnpkg.com/@swc/core-linux-x64-musl/-/core-linux-x64-musl-1.3.38.tgz#0a8b53c14993bbdea0dca8c8ae1084c05dc77346"
  integrity sha512-PTYSqtsIfPHLKDDNbueI5e0sc130vyHRiFOeeC6qqzA2FAiVvIxuvXHLr0soPvKAR1WyhtYmFB9QarcctemL2w==

"@swc/core-win32-arm64-msvc@1.3.38":
  version "1.3.38"
  resolved "https://registry.yarnpkg.com/@swc/core-win32-arm64-msvc/-/core-win32-arm64-msvc-1.3.38.tgz#affd14cf941f0e147aa0211456e08036685d042e"
  integrity sha512-9lHfs5TPNs+QdkyZFhZledSmzBEbqml/J1rqPSb9Fy8zB6QlspixE6OLZ3nTlUOdoGWkcTTdrOn77Sd7YGf1AA==

"@swc/core-win32-ia32-msvc@1.3.38":
  version "1.3.38"
  resolved "https://registry.yarnpkg.com/@swc/core-win32-ia32-msvc/-/core-win32-ia32-msvc-1.3.38.tgz#cf807fd74ef9551994d959db562a07605788fddc"
  integrity sha512-SbL6pfA2lqvDKnwTHwOfKWvfHAdcbAwJS4dBkFidr7BiPTgI5Uk8wAPcRb8mBECpmIa9yFo+N0cAFRvMnf+cNw==

"@swc/core-win32-x64-msvc@1.3.38":
  version "1.3.38"
  resolved "https://registry.yarnpkg.com/@swc/core-win32-x64-msvc/-/core-win32-x64-msvc-1.3.38.tgz#9b6a746cf90b77171d1348311a04c149d3b06ba7"
  integrity sha512-UFveLrL6eGvViOD8OVqUQa6QoQwdqwRvLtL5elF304OT8eCPZa8BhuXnWk25X8UcOyns8gFcb8Fhp3oaLi/Rlw==

"@swc/core@1.3.38":
  version "1.3.38"
  resolved "https://registry.yarnpkg.com/@swc/core/-/core-1.3.38.tgz#c3b3515e23f42cbea0590609ee07fd91193f3499"
  integrity sha512-AiEVehRFws//AiiLx9DPDp1WDXt+yAoGD1kMYewhoF6QLdTz8AtYu6i8j/yAxk26L8xnegy0CDwcNnub9qenyQ==
  optionalDependencies:
    "@swc/core-darwin-arm64" "1.3.38"
    "@swc/core-darwin-x64" "1.3.38"
    "@swc/core-linux-arm-gnueabihf" "1.3.38"
    "@swc/core-linux-arm64-gnu" "1.3.38"
    "@swc/core-linux-arm64-musl" "1.3.38"
    "@swc/core-linux-x64-gnu" "1.3.38"
    "@swc/core-linux-x64-musl" "1.3.38"
    "@swc/core-win32-arm64-msvc" "1.3.38"
    "@swc/core-win32-ia32-msvc" "1.3.38"
    "@swc/core-win32-x64-msvc" "1.3.38"

"@types/node@^18.14.6":
  version "18.14.6"
  resolved "https://registry.yarnpkg.com/@types/node/-/node-18.14.6.tgz#ae1973dd2b1eeb1825695bb11ebfb746d27e3e93"
  integrity sha512-93+VvleD3mXwlLI/xASjw0FzKcwzl3OdTCzm1LaRfqgS21gfFtK3zDXM5Op9TeeMsJVOaJ2VRDpT9q4Y3d0AvA==

typescript@^4.9.5:
  version "4.9.5"
  resolved "https://registry.yarnpkg.com/typescript/-/typescript-4.9.5.tgz#095979f9bcc0d09da324d58d03ce8f8374cbe65a"
  integrity sha512-1FXk9E2Hm+QzZQ7z+McJiHL4NW1F2EzMu9Nq9i3zAaGqibafqYwCVU6WyWAuyQRRzOlxou8xZSyXLEN8oKj24g==

uWebSockets.js@uNetworking/uWebSockets.js#v20.19.0:
  version "20.19.0"
  resolved "https://codeload.github.com/uNetworking/uWebSockets.js/tar.gz/42c9c0d5d31f46ca4115dc75672b0037ec970f28"
